
Microsoft Visual Studio Solution File, Format Version 12.00
# Visual Studio Version 16
VisualStudioVersion = 16.0.31729.503
MinimumVisualStudioVersion = 10.0.40219.1
Project("{FAE04EC0-301F-11D3-BF4B-00C04F79EFBC}") = "Curso .Net core (Bucle for)", "Curso .Net core (Bucle for)\Curso .Net core (Bucle for).csproj", "{1E92BEED-7989-4C5A-9B6A-7AB204D3C4BF}"
EndProject
Global
	GlobalSection(SolutionConfigurationPlatforms) = preSolution
		Debug|Any CPU = Debug|Any CPU
		Release|Any CPU = Release|Any CPU
	EndGlobalSection
	GlobalSection(ProjectConfigurationPlatforms) = postSolution
		{1E92BEED-7989-4C5A-9B6A-7AB204D3C4BF}.Debug|Any CPU.ActiveCfg = Debug|Any CPU
		{1E92BEED-7989-4C5A-9B6A-7AB204D3C4BF}.Debug|Any CPU.Build.0 = Debug|Any CPU
		{1E92BEED-7989-4C5A-9B6A-7AB204D3C4BF}.Release|Any CPU.ActiveCfg = Release|Any CPU
		{1E92BEED-7989-4C5A-9B6A-7AB204D3C4BF}.Release|Any CPU.Build.0 = Release|Any CPU
	EndGlobalSection
	GlobalSection(SolutionProperties) = preSolution
		HideSolutionNode = FALSE
	EndGlobalSection
	GlobalSection(ExtensibilityGlobals) = postSolution
		SolutionGuid = {4F304E07-11A6-4545-A2A6-8CE8C58E6CC3}
	EndGlobalSection
EndGlobal
