
Microsoft Visual Studio Solution File, Format Version 12.00
# Visual Studio Version 16
VisualStudioVersion = 16.0.31729.503
MinimumVisualStudioVersion = 10.0.40219.1
Project("{FAE04EC0-301F-11D3-BF4B-00C04F79EFBC}") = "Curso .Net Core ( Datos duplicados de un array)", "Curso .Net Core ( Datos duplicados de un array)\Curso .Net Core ( Datos duplicados de un array).csproj", "{6C9F9DC6-35AE-4EE0-B851-37419D72CC88}"
EndProject
Global
	GlobalSection(SolutionConfigurationPlatforms) = preSolution
		Debug|Any CPU = Debug|Any CPU
		Release|Any CPU = Release|Any CPU
	EndGlobalSection
	GlobalSection(ProjectConfigurationPlatforms) = postSolution
		{6C9F9DC6-35AE-4EE0-B851-37419D72CC88}.Debug|Any CPU.ActiveCfg = Debug|Any CPU
		{6C9F9DC6-35AE-4EE0-B851-37419D72CC88}.Debug|Any CPU.Build.0 = Debug|Any CPU
		{6C9F9DC6-35AE-4EE0-B851-37419D72CC88}.Release|Any CPU.ActiveCfg = Release|Any CPU
		{6C9F9DC6-35AE-4EE0-B851-37419D72CC88}.Release|Any CPU.Build.0 = Release|Any CPU
	EndGlobalSection
	GlobalSection(SolutionProperties) = preSolution
		HideSolutionNode = FALSE
	EndGlobalSection
	GlobalSection(ExtensibilityGlobals) = postSolution
		SolutionGuid = {7934505C-56DC-4702-AA12-7566E689BC80}
	EndGlobalSection
EndGlobal
