
Microsoft Visual Studio Solution File, Format Version 12.00
# Visual Studio Version 16
VisualStudioVersion = 16.0.31729.503
MinimumVisualStudioVersion = 10.0.40219.1
Project("{FAE04EC0-301F-11D3-BF4B-00C04F79EFBC}") = "Curso .Net core (Sobre carga de metodos constructores)", "Curso .Net core (Sobre carga de metodos constructores)\Curso .Net core (Sobre carga de metodos constructores).csproj", "{C3CB05C7-E614-473E-B136-DC575B1D1B0C}"
EndProject
Global
	GlobalSection(SolutionConfigurationPlatforms) = preSolution
		Debug|Any CPU = Debug|Any CPU
		Release|Any CPU = Release|Any CPU
	EndGlobalSection
	GlobalSection(ProjectConfigurationPlatforms) = postSolution
		{C3CB05C7-E614-473E-B136-DC575B1D1B0C}.Debug|Any CPU.ActiveCfg = Debug|Any CPU
		{C3CB05C7-E614-473E-B136-DC575B1D1B0C}.Debug|Any CPU.Build.0 = Debug|Any CPU
		{C3CB05C7-E614-473E-B136-DC575B1D1B0C}.Release|Any CPU.ActiveCfg = Release|Any CPU
		{C3CB05C7-E614-473E-B136-DC575B1D1B0C}.Release|Any CPU.Build.0 = Release|Any CPU
	EndGlobalSection
	GlobalSection(SolutionProperties) = preSolution
		HideSolutionNode = FALSE
	EndGlobalSection
	GlobalSection(ExtensibilityGlobals) = postSolution
		SolutionGuid = {915700F5-E9FF-4AF5-8FD8-D748F95B538B}
	EndGlobalSection
EndGlobal
