
Microsoft Visual Studio Solution File, Format Version 12.00
# Visual Studio Version 16
VisualStudioVersion = 16.0.31729.503
MinimumVisualStudioVersion = 10.0.40219.1
Project("{FAE04EC0-301F-11D3-BF4B-00C04F79EFBC}") = "Curso .Net Core (variables staticas)", "Curso .Net Core (variables staticas)\Curso .Net Core (variables staticas).csproj", "{C8C9F8CA-8E3D-4E14-93F7-CB2AF8AE3257}"
EndProject
Global
	GlobalSection(SolutionConfigurationPlatforms) = preSolution
		Debug|Any CPU = Debug|Any CPU
		Release|Any CPU = Release|Any CPU
	EndGlobalSection
	GlobalSection(ProjectConfigurationPlatforms) = postSolution
		{C8C9F8CA-8E3D-4E14-93F7-CB2AF8AE3257}.Debug|Any CPU.ActiveCfg = Debug|Any CPU
		{C8C9F8CA-8E3D-4E14-93F7-CB2AF8AE3257}.Debug|Any CPU.Build.0 = Debug|Any CPU
		{C8C9F8CA-8E3D-4E14-93F7-CB2AF8AE3257}.Release|Any CPU.ActiveCfg = Release|Any CPU
		{C8C9F8CA-8E3D-4E14-93F7-CB2AF8AE3257}.Release|Any CPU.Build.0 = Release|Any CPU
	EndGlobalSection
	GlobalSection(SolutionProperties) = preSolution
		HideSolutionNode = FALSE
	EndGlobalSection
	GlobalSection(ExtensibilityGlobals) = postSolution
		SolutionGuid = {A3992DAC-23E7-4E9B-B151-0878A5E830E8}
	EndGlobalSection
EndGlobal
